
Microsoft Visual Studio Solution File, Format Version 12.00
# Visual Studio Version 17
VisualStudioVersion = 17.10.35027.167
MinimumVisualStudioVersion = 10.0.40219.1
Project("{FAE04EC0-301F-11D3-BF4B-00C04F79EFBC}") = "stari dqdo", "stari dqdo\stari dqdo.csproj", "{7C16BF59-34C9-4345-91EF-B530CC2E8341}"
EndProject
Global
	GlobalSection(SolutionConfigurationPlatforms) = preSolution
		Debug|Any CPU = Debug|Any CPU
		Release|Any CPU = Release|Any CPU
	EndGlobalSection
	GlobalSection(ProjectConfigurationPlatforms) = postSolution
		{7C16BF59-34C9-4345-91EF-B530CC2E8341}.Debug|Any CPU.ActiveCfg = Debug|Any CPU
		{7C16BF59-34C9-4345-91EF-B530CC2E8341}.Debug|Any CPU.Build.0 = Debug|Any CPU
		{7C16BF59-34C9-4345-91EF-B530CC2E8341}.Release|Any CPU.ActiveCfg = Release|Any CPU
		{7C16BF59-34C9-4345-91EF-B530CC2E8341}.Release|Any CPU.Build.0 = Release|Any CPU
	EndGlobalSection
	GlobalSection(SolutionProperties) = preSolution
		HideSolutionNode = FALSE
	EndGlobalSection
	GlobalSection(ExtensibilityGlobals) = postSolution
		SolutionGuid = {C0225B04-1F09-4F6E-9C04-A75B6C30B455}
	EndGlobalSection
EndGlobal
